
Microsoft Visual Studio Solution File, Format Version 12.00
# Visual Studio Version 17
VisualStudioVersion = 17.4.33213.308
MinimumVisualStudioVersion = 10.0.40219.1
Project("{FAE04EC0-301F-11D3-BF4B-00C04F79EFBC}") = "_CallPythonScript", "_CallPythonScript\_CallPythonScript.csproj", "{5234C3F2-AA26-4AEA-AF8D-40FF8C7CF53E}"
EndProject
Global
	GlobalSection(SolutionConfigurationPlatforms) = preSolution
		Debug|Any CPU = Debug|Any CPU
		Release|Any CPU = Release|Any CPU
	EndGlobalSection
	GlobalSection(ProjectConfigurationPlatforms) = postSolution
		{5234C3F2-AA26-4AEA-AF8D-40FF8C7CF53E}.Debug|Any CPU.ActiveCfg = Debug|Any CPU
		{5234C3F2-AA26-4AEA-AF8D-40FF8C7CF53E}.Debug|Any CPU.Build.0 = Debug|Any CPU
		{5234C3F2-AA26-4AEA-AF8D-40FF8C7CF53E}.Release|Any CPU.ActiveCfg = Release|Any CPU
		{5234C3F2-AA26-4AEA-AF8D-40FF8C7CF53E}.Release|Any CPU.Build.0 = Release|Any CPU
	EndGlobalSection
	GlobalSection(SolutionProperties) = preSolution
		HideSolutionNode = FALSE
	EndGlobalSection
	GlobalSection(ExtensibilityGlobals) = postSolution
		SolutionGuid = {C1B3ADD0-0B2C-4029-AECD-7704CBE36196}
	EndGlobalSection
EndGlobal
